
Microsoft Visual Studio Solution File, Format Version 12.00
# Visual Studio Version 16
VisualStudioVersion = 16.0.31402.337
MinimumVisualStudioVersion = 10.0.40219.1
Project("{FAE04EC0-301F-11D3-BF4B-00C04F79EFBC}") = "FizzBuzzKata", "FizzBuzzKata\FizzBuzzKata.csproj", "{21E1047B-B5BA-4015-AF47-69191E572617}"
EndProject
Project("{FAE04EC0-301F-11D3-BF4B-00C04F79EFBC}") = "FizzBuzzTest", "FizzBuzzTest\FizzBuzzTest.csproj", "{43A46774-D628-44B3-8437-4FC413ACC3AD}"
EndProject
Global
	GlobalSection(SolutionConfigurationPlatforms) = preSolution
		Debug|Any CPU = Debug|Any CPU
		Release|Any CPU = Release|Any CPU
	EndGlobalSection
	GlobalSection(ProjectConfigurationPlatforms) = postSolution
		{21E1047B-B5BA-4015-AF47-69191E572617}.Debug|Any CPU.ActiveCfg = Debug|Any CPU
		{21E1047B-B5BA-4015-AF47-69191E572617}.Debug|Any CPU.Build.0 = Debug|Any CPU
		{21E1047B-B5BA-4015-AF47-69191E572617}.Release|Any CPU.ActiveCfg = Release|Any CPU
		{21E1047B-B5BA-4015-AF47-69191E572617}.Release|Any CPU.Build.0 = Release|Any CPU
		{43A46774-D628-44B3-8437-4FC413ACC3AD}.Debug|Any CPU.ActiveCfg = Debug|Any CPU
		{43A46774-D628-44B3-8437-4FC413ACC3AD}.Debug|Any CPU.Build.0 = Debug|Any CPU
		{43A46774-D628-44B3-8437-4FC413ACC3AD}.Release|Any CPU.ActiveCfg = Release|Any CPU
		{43A46774-D628-44B3-8437-4FC413ACC3AD}.Release|Any CPU.Build.0 = Release|Any CPU
	EndGlobalSection
	GlobalSection(SolutionProperties) = preSolution
		HideSolutionNode = FALSE
	EndGlobalSection
	GlobalSection(ExtensibilityGlobals) = postSolution
		SolutionGuid = {62BF543F-D4F9-4F5B-B57E-FC13ABAE4D5D}
	EndGlobalSection
EndGlobal
